<?xml version="1.0" encoding="utf-8"?>
<Project ToolsVersion="4.0" xmlns="http://schemas.microsoft.com/developer/msbuild/2003">
  <ItemGroup>
    <Filter Include="소스 파일">
      <UniqueIdentifier>{4FC737F1-C7A5-4376-A066-2A32D752A2FF}</UniqueIdentifier>
      <Extensions>cpp;c;cc;cxx;c++;cppm;ixx;def;odl;idl;hpj;bat;asm;asmx</Extensions>
    </Filter>
    <Filter Include="헤더 파일">
      <UniqueIdentifier>{93995380-89BD-4b04-88EB-625FBE52EBFB}</UniqueIdentifier>
      <Extensions>h;hh;hpp;hxx;h++;hm;inl;inc;ipp;xsd</Extensions>
    </Filter>
    <Filter Include="리소스 파일">
      <UniqueIdentifier>{67DA6AB6-F800-4c08-8B7A-83BB121AAD01}</UniqueIdentifier>
      <Extensions>rc;ico;cur;bmp;dlg;rc2;rct;bin;rgs;gif;jpg;jpeg;jpe;resx;tiff;tif;png;wav;mfcribbon-ms</Extensions>
    </Filter>
  </ItemGroup>
  <ItemGroup>
    <ClInclude Include="Tutorial-RasterTek-InputSound-Src\AlignedAllocationPolicy.h">
      <Filter>소스 파일</Filter>
    </ClInclude>
    <ClInclude Include="Tutorial-RasterTek-InputSound-Src\bitmapclass.h">
      <Filter>소스 파일</Filter>
    </ClInclude>
    <ClInclude Include="Tutorial-RasterTek-InputSound-Src\cameraclass.h">
      <Filter>소스 파일</Filter>
    </ClInclude>
    <ClInclude Include="Tutorial-RasterTek-InputSound-Src\colorshaderclass.h">
      <Filter>소스 파일</Filter>
    </ClInclude>
    <ClInclude Include="Tutorial-RasterTek-InputSound-Src\cpuclass.h">
      <Filter>소스 파일</Filter>
    </ClInclude>
    <ClInclude Include="Tutorial-RasterTek-InputSound-Src\d3dclass.h">
      <Filter>소스 파일</Filter>
    </ClInclude>
    <ClInclude Include="Tutorial-RasterTek-InputSound-Src\DDSTextureLoader.h">
      <Filter>소스 파일</Filter>
    </ClInclude>
    <ClInclude Include="Tutorial-RasterTek-InputSound-Src\fontclass.h">
      <Filter>소스 파일</Filter>
    </ClInclude>
    <ClInclude Include="Tutorial-RasterTek-InputSound-Src\fontshaderclass.h">
      <Filter>소스 파일</Filter>
    </ClInclude>
    <ClInclude Include="Tutorial-RasterTek-InputSound-Src\fpsclass.h">
      <Filter>소스 파일</Filter>
    </ClInclude>
    <ClInclude Include="Tutorial-RasterTek-InputSound-Src\graphicsclass.h">
      <Filter>소스 파일</Filter>
    </ClInclude>
    <ClInclude Include="Tutorial-RasterTek-InputSound-Src\inputclass.h">
      <Filter>소스 파일</Filter>
    </ClInclude>
    <ClInclude Include="Tutorial-RasterTek-InputSound-Src\lightclass.h">
      <Filter>소스 파일</Filter>
    </ClInclude>
    <ClInclude Include="Tutorial-RasterTek-InputSound-Src\lightshaderclass.h">
      <Filter>소스 파일</Filter>
    </ClInclude>
    <ClInclude Include="Tutorial-RasterTek-InputSound-Src\modelclass.h">
      <Filter>소스 파일</Filter>
    </ClInclude>
    <ClInclude Include="Tutorial-RasterTek-InputSound-Src\soundclass.h">
      <Filter>소스 파일</Filter>
    </ClInclude>
    <ClInclude Include="Tutorial-RasterTek-InputSound-Src\systemclass.h">
      <Filter>소스 파일</Filter>
    </ClInclude>
    <ClInclude Include="Tutorial-RasterTek-InputSound-Src\textclass.h">
      <Filter>소스 파일</Filter>
    </ClInclude>
    <ClInclude Include="Tutorial-RasterTek-InputSound-Src\textureclass.h">
      <Filter>소스 파일</Filter>
    </ClInclude>
    <ClInclude Include="Tutorial-RasterTek-InputSound-Src\textureshaderclass.h">
      <Filter>소스 파일</Filter>
    </ClInclude>
    <ClInclude Include="Tutorial-RasterTek-InputSound-Src\timerclass.h">
      <Filter>소스 파일</Filter>
    </ClInclude>
  </ItemGroup>
  <ItemGroup>
    <ClCompile Include="Tutorial-RasterTek-InputSound-Src\bitmapclass.cpp">
      <Filter>소스 파일</Filter>
    </ClCompile>
    <ClCompile Include="Tutorial-RasterTek-InputSound-Src\cameraclass.cpp">
      <Filter>소스 파일</Filter>
    </ClCompile>
    <ClCompile Include="Tutorial-RasterTek-InputSound-Src\colorshaderclass.cpp">
      <Filter>소스 파일</Filter>
    </ClCompile>
    <ClCompile Include="Tutorial-RasterTek-InputSound-Src\cpuclass.cpp">
      <Filter>소스 파일</Filter>
    </ClCompile>
    <ClCompile Include="Tutorial-RasterTek-InputSound-Src\d3dclass.cpp">
      <Filter>소스 파일</Filter>
    </ClCompile>
    <ClCompile Include="Tutorial-RasterTek-InputSound-Src\DDSTextureLoader.cpp">
      <Filter>소스 파일</Filter>
    </ClCompile>
    <ClCompile Include="Tutorial-RasterTek-InputSound-Src\fontclass.cpp">
      <Filter>소스 파일</Filter>
    </ClCompile>
    <ClCompile Include="Tutorial-RasterTek-InputSound-Src\fontshaderclass.cpp">
      <Filter>소스 파일</Filter>
    </ClCompile>
    <ClCompile Include="Tutorial-RasterTek-InputSound-Src\fpsclass.cpp">
      <Filter>소스 파일</Filter>
    </ClCompile>
    <ClCompile Include="Tutorial-RasterTek-InputSound-Src\graphicsclass.cpp">
      <Filter>소스 파일</Filter>
    </ClCompile>
    <ClCompile Include="Tutorial-RasterTek-InputSound-Src\inputclass.cpp">
      <Filter>소스 파일</Filter>
    </ClCompile>
    <ClCompile Include="Tutorial-RasterTek-InputSound-Src\lightclass.cpp">
      <Filter>소스 파일</Filter>
    </ClCompile>
    <ClCompile Include="Tutorial-RasterTek-InputSound-Src\lightshaderclass.cpp">
      <Filter>소스 파일</Filter>
    </ClCompile>
    <ClCompile Include="Tutorial-RasterTek-InputSound-Src\main.cpp">
      <Filter>소스 파일</Filter>
    </ClCompile>
    <ClCompile Include="Tutorial-RasterTek-InputSound-Src\modelclass.cpp">
      <Filter>소스 파일</Filter>
    </ClCompile>
    <ClCompile Include="Tutorial-RasterTek-InputSound-Src\soundclass.cpp">
      <Filter>소스 파일</Filter>
    </ClCompile>
    <ClCompile Include="Tutorial-RasterTek-InputSound-Src\systemclass.cpp">
      <Filter>소스 파일</Filter>
    </ClCompile>
    <ClCompile Include="Tutorial-RasterTek-InputSound-Src\textclass.cpp">
      <Filter>소스 파일</Filter>
    </ClCompile>
    <ClCompile Include="Tutorial-RasterTek-InputSound-Src\textureclass.cpp">
      <Filter>소스 파일</Filter>
    </ClCompile>
    <ClCompile Include="Tutorial-RasterTek-InputSound-Src\textureshaderclass.cpp">
      <Filter>소스 파일</Filter>
    </ClCompile>
    <ClCompile Include="Tutorial-RasterTek-InputSound-Src\timerclass.cpp">
      <Filter>소스 파일</Filter>
    </ClCompile>
  </ItemGroup>
</Project>